
Microsoft Visual Studio Solution File, Format Version 12.00
# Visual Studio Version 17
VisualStudioVersion = 17.9.34728.123
MinimumVisualStudioVersion = 10.0.40219.1
Project("{888888A0-9F3D-457C-B088-3A5042F75D52}") = "wojtus", "wojtus.pyproj", "{A873EB1D-0284-4E15-936E-141A5F897024}"
EndProject
Global
	GlobalSection(SolutionConfigurationPlatforms) = preSolution
		Debug|Any CPU = Debug|Any CPU
		Release|Any CPU = Release|Any CPU
	EndGlobalSection
	GlobalSection(ProjectConfigurationPlatforms) = postSolution
		{A873EB1D-0284-4E15-936E-141A5F897024}.Debug|Any CPU.ActiveCfg = Debug|Any CPU
		{A873EB1D-0284-4E15-936E-141A5F897024}.Release|Any CPU.ActiveCfg = Release|Any CPU
	EndGlobalSection
	GlobalSection(SolutionProperties) = preSolution
		HideSolutionNode = FALSE
	EndGlobalSection
	GlobalSection(ExtensibilityGlobals) = postSolution
		SolutionGuid = {D93A5FC0-276D-4EF7-B924-6C7FB3E32294}
	EndGlobalSection
EndGlobal
